k8s.io/api v0.36.2 h1:TF6YDLIzKfccK7cq9YpTcGX8TJmEkHVRv78DM51fRYY=
k8s.io/api v0.36.2/go.mod h1:F4LbMO4brjZYh7yFkXWhynSvtB7YauxV4c+HHkNRGNg=
k8s.io/apimachinery v0.36.2 h1:0PE/W/WNy1UX61NLbXY5TMbJ6UwLL6E6lAPkYrKFxbQ=
k8s.io/apimachinery v0.36.2/go.mod h1:fvf/HOLXq9RId0rnDIbN1OEBvHXdQbLMM8nu0LcBUf4=
k8s.io/client-go v0.36.2 h1:bfgxmFKc9CgqsgX4xKLAAdmTQlWee7Ob/HlDOrJ5TBI=
k8s.io/client-go v0.36.2/go.mod h1:1vgO4OAlfPnoLcb+Rze2GF5rAr14w8qjrYMoyXJzQj0=
